# This file is automatically @generated by Cargo.
# It is not intended for manual editing.
version = 3

[[package]]
name = "autocfg"
version = "1.1.0"
source = "registry+https://github.com/rust-lang/crates.io-index"
checksum = "d468802bab17cbc0cc575e9b053f41e72aa36bfa6b7f55e3529ffa43161b97fa"

[[package]]
name = "byteorder"
version = "1.4.3"
source = "registry+https://github.com/rust-lang/crates.io-index"
checksum = "14c189c53d098945499cdfa7ecc63567cf3886b3332b312a5b4585d8d3a6a610"

[[package]]
name = "compiler"
version = "0.1.0"
dependencies = [
 "byteorder",
 "interpreter",
 "lexer",
 "num-derive",
 "num-traits",
 "parser",
]

[[package]]
name = "interpreter"
version = "0.1.0"
dependencies = [
 "lexer",
 "parser",
]

[[package]]
name = "lexer"
version = "0.1.0"

[[package]]
name = "monkey-rs"
version = "0.1.0"
dependencies = [
 "compiler",
 "interpreter",
 "lexer",
 "parser",
 "repl",
 "vm",
]

[[package]]
name = "num-derive"
version = "0.4.0"
source = "registry+https://github.com/rust-lang/crates.io-index"
checksum = "9e6a0fd4f737c707bd9086cc16c925f294943eb62eb71499e9fd4cf71f8b9f4e"
dependencies = [
 "proc-macro2",
 "quote",
 "syn",
]

[[package]]
name = "num-traits"
version = "0.2.15"
source = "registry+https://github.com/rust-lang/crates.io-index"
checksum = "578ede34cf02f8924ab9447f50c28075b4d3e5b269972345e7e0372b38c6cdcd"
dependencies = [
 "autocfg",
]

[[package]]
name = "parser"
version = "0.1.0"
dependencies = [
 "lexer",
]

[[package]]
name = "proc-macro2"
version = "1.0.64"
source = "registry+https://github.com/rust-lang/crates.io-index"
checksum = "78803b62cbf1f46fde80d7c0e803111524b9877184cfe7c3033659490ac7a7da"
dependencies = [
 "unicode-ident",
]

[[package]]
name = "quote"
version = "1.0.29"
source = "registry+https://github.com/rust-lang/crates.io-index"
checksum = "573015e8ab27661678357f27dc26460738fd2b6c86e46f386fde94cb5d913105"
dependencies = [
 "proc-macro2",
]

[[package]]
name = "repl"
version = "0.1.0"
dependencies = [
 "compiler",
 "interpreter",
 "lexer",
 "parser",
 "vm",
]

[[package]]
name = "syn"
version = "2.0.24"
source = "registry+https://github.com/rust-lang/crates.io-index"
checksum = "36ccaf716a23c35ff908f91c971a86a9a71af5998c1d8f10e828d9f55f68ac00"
dependencies = [
 "proc-macro2",
 "quote",
 "unicode-ident",
]

[[package]]
name = "unicode-ident"
version = "1.0.10"
source = "registry+https://github.com/rust-lang/crates.io-index"
checksum = "22049a19f4a68748a168c0fc439f9516686aa045927ff767eca0a85101fb6e73"

[[package]]
name = "vm"
version = "0.1.0"
dependencies = [
 "compiler",
 "interpreter",
 "num-traits",
]
